// !$*UTF8*$!
{
	archiveVersion = 1;
	classes = {
	};
	objectVersion = 50;
	objects = {

/* Begin PBXBuildFile section */
		BA5F214E2548FFEC00F57619 /* AppDelegate.swift in Sources */ = {isa = PBXBuildFile; fileRef = BA5F214D2548FFEC00F57619 /* AppDelegate.swift */; };
		BA5F21502548FFEC00F57619 /* SceneDelegate.swift in Sources */ = {isa = PBXBuildFile; fileRef = BA5F214F2548FFEC00F57619 /* SceneDelegate.swift */; };
		BA5F21522548FFEC00F57619 /* ContentView.swift in Sources */ = {isa = PBXBuildFile; fileRef = BA5F21512548FFEC00F57619 /* ContentView.swift */; };
		BA5F21542548FFEE00F57619 /* Assets.xcassets in Resources */ = {isa = PBXBuildFile; fileRef = BA5F21532548FFEE00F57619 /* Assets.xcassets */; };
		BA5F21572548FFEE00F57619 /* Preview Assets.xcassets in Resources */ = {isa = PBXBuildFile; fileRef = BA5F21562548FFEE00F57619 /* Preview Assets.xcassets */; };
		BA5F215A2548FFEE00F57619 /* LaunchScreen.storyboard in Resources */ = {isa = PBXBuildFile; fileRef = BA5F21582548FFEE00F57619 /* LaunchScreen.storyboard */; };
		BA5F21622549FE8C00F57619 /* astronauts.json in Resources */ = {isa = PBXBuildFile; fileRef = BA5F21612549FE8C00F57619 /* astronauts.json */; };
		BA5F21642549FEB500F57619 /* missions.json in Resources */ = {isa = PBXBuildFile; fileRef = BA5F21632549FEB500F57619 /* missions.json */; };
		BA5F21672549FFB600F57619 /* Astronaut.swift in Sources */ = {isa = PBXBuildFile; fileRef = BA5F21662549FFB600F57619 /* Astronaut.swift */; };
		BA5F2169254A003C00F57619 /* Bundle-Decodable.swift in Sources */ = {isa = PBXBuildFile; fileRef = BA5F2168254A003C00F57619 /* Bundle-Decodable.swift */; };
		BA5F216B254A017F00F57619 /* Mission.swift in Sources */ = {isa = PBXBuildFile; fileRef = BA5F216A254A017F00F57619 /* Mission.swift */; };
		BA5F216D254A08B900F57619 /* MissionView.swift in Sources */ = {isa = PBXBuildFile; fileRef = BA5F216C254A08B900F57619 /* MissionView.swift */; };
		BA907B0C254A2676009CC012 /* AstronautView.swift in Sources */ = {isa = PBXBuildFile; fileRef = BA907B0B254A2676009CC012 /* AstronautView.swift */; };
		BA907B0E254A31A0009CC012 /* AstronautMissionView.swift in Sources */ = {isa = PBXBuildFile; fileRef = BA907B0D254A31A0009CC012 /* AstronautMissionView.swift */; };
/* End PBXBuildFile section */

/* Begin PBXFileReference section */
		BA5F214A2548FFEC00F57619 /* Moonshot.app */ = {isa = PBXFileReference; explicitFileType = wrapper.application; includeInIndex = 0; path = Moonshot.app; sourceTree = BUILT_PRODUCTS_DIR; };
		BA5F214D2548FFEC00F57619 /* AppDelegate.swift */ = {isa = PBXFileReference; lastKnownFileType = sourcecode.swift; path = AppDelegate.swift; sourceTree = "<group>"; };
		BA5F214F2548FFEC00F57619 /* SceneDelegate.swift */ = {isa = PBXFileReference; lastKnownFileType = sourcecode.swift; path = SceneDelegate.swift; sourceTree = "<group>"; };
		BA5F21512548FFEC00F57619 /* ContentView.swift */ = {isa = PBXFileReference; lastKnownFileType = sourcecode.swift; path = ContentView.swift; sourceTree = "<group>"; };
		BA5F21532548FFEE00F57619 /* Assets.xcassets */ = {isa = PBXFileReference; lastKnownFileType = folder.assetcatalog; path = Assets.xcassets; sourceTree = "<group>"; };
		BA5F21562548FFEE00F57619 /* Preview Assets.xcassets */ = {isa = PBXFileReference; lastKnownFileType = folder.assetcatalog; path = "Preview Assets.xcassets"; sourceTree = "<group>"; };
		BA5F21592548FFEE00F57619 /* Base */ = {isa = PBXFileReference; lastKnownFileType = file.storyboard; name = Base; path = Base.lproj/LaunchScreen.storyboard; sourceTree = "<group>"; };
		BA5F215B2548FFEE00F57619 /* Info.plist */ = {isa = PBXFileReference; lastKnownFileType = text.plist.xml; path = Info.plist; sourceTree = "<group>"; };
		BA5F21612549FE8C00F57619 /* astronauts.json */ = {isa = PBXFileReference; fileEncoding = 4; lastKnownFileType = text.json; path = astronauts.json; sourceTree = "<group>"; };
		BA5F21632549FEB500F57619 /* missions.json */ = {isa = PBXFileReference; fileEncoding = 4; lastKnownFileType = text.json; path = missions.json; sourceTree = "<group>"; };
		BA5F21662549FFB600F57619 /* Astronaut.swift */ = {isa = PBXFileReference; lastKnownFileType = sourcecode.swift; path = Astronaut.swift; sourceTree = "<group>"; };
		BA5F2168254A003C00F57619 /* Bundle-Decodable.swift */ = {isa = PBXFileReference; lastKnownFileType = sourcecode.swift; path = "Bundle-Decodable.swift"; sourceTree = "<group>"; };
		BA5F216A254A017F00F57619 /* Mission.swift */ = {isa = PBXFileReference; lastKnownFileType = sourcecode.swift; path = Mission.swift; sourceTree = "<group>"; };
		BA5F216C254A08B900F57619 /* MissionView.swift */ = {isa = PBXFileReference; lastKnownFileType = sourcecode.swift; path = MissionView.swift; sourceTree = "<group>"; };
		BA907B0B254A2676009CC012 /* AstronautView.swift */ = {isa = PBXFileReference; lastKnownFileType = sourcecode.swift; path = AstronautView.swift; sourceTree = "<group>"; };
		BA907B0D254A31A0009CC012 /* AstronautMissionView.swift */ = {isa = PBXFileReference; lastKnownFileType = sourcecode.swift; path = AstronautMissionView.swift; sourceTree = "<group>"; };
/* End PBXFileReference section */

/* Begin PBXFrameworksBuildPhase section */
		BA5F21472548FFEC00F57619 /* Frameworks */ = {
			isa = PBXFrameworksBuildPhase;
			buildActionMask = 2147483647;
			files = (
			);
			runOnlyForDeploymentPostprocessing = 0;
		};
/* End PBXFrameworksBuildPhase section */

/* Begin PBXGroup section */
		BA5F21412548FFEC00F57619 = {
			isa = PBXGroup;
			children = (
				BA5F214C2548FFEC00F57619 /* Moonshot */,
				BA5F214B2548FFEC00F57619 /* Products */,
			);
			sourceTree = "<group>";
		};
		BA5F214B2548FFEC00F57619 /* Products */ = {
			isa = PBXGroup;
			children = (
				BA5F214A2548FFEC00F57619 /* Moonshot.app */,
			);
			name = Products;
			sourceTree = "<group>";
		};
		BA5F214C2548FFEC00F57619 /* Moonshot */ = {
			isa = PBXGroup;
			children = (
				BA5F216C254A08B900F57619 /* MissionView.swift */,
				BA907B0B254A2676009CC012 /* AstronautView.swift */,
				BA907B0D254A31A0009CC012 /* AstronautMissionView.swift */,
				BA5F21652549FEB800F57619 /* JSONData */,
				BA5F214D2548FFEC00F57619 /* AppDelegate.swift */,
				BA5F214F2548FFEC00F57619 /* SceneDelegate.swift */,
				BA5F21512548FFEC00F57619 /* ContentView.swift */,
				BA5F216A254A017F00F57619 /* Mission.swift */,
				BA5F21662549FFB600F57619 /* Astronaut.swift */,
				BA5F2168254A003C00F57619 /* Bundle-Decodable.swift */,
				BA5F21532548FFEE00F57619 /* Assets.xcassets */,
				BA5F21582548FFEE00F57619 /* LaunchScreen.storyboard */,
				BA5F215B2548FFEE00F57619 /* Info.plist */,
				BA5F21552548FFEE00F57619 /* Preview Content */,
			);
			path = Moonshot;
			sourceTree = "<group>";
		};
		BA5F21552548FFEE00F57619 /* Preview Content */ = {
			isa = PBXGroup;
			children = (
				BA5F21562548FFEE00F57619 /* Preview Assets.xcassets */,
			);
			path = "Preview Content";
			sourceTree = "<group>";
		};
		BA5F21652549FEB800F57619 /* JSONData */ = {
			isa = PBXGroup;
			children = (
				BA5F21612549FE8C00F57619 /* astronauts.json */,
				BA5F21632549FEB500F57619 /* missions.json */,
			);
			path = JSONData;
			sourceTree = "<group>";
		};
/* End PBXGroup section */

/* Begin PBXNativeTarget section */
		BA5F21492548FFEC00F57619 /* Moonshot */ = {
			isa = PBXNativeTarget;
			buildConfigurationList = BA5F215E2548FFEE00F57619 /* Build configuration list for PBXNativeTarget "Moonshot" */;
			buildPhases = (
				BA5F21462548FFEC00F57619 /* Sources */,
				BA5F21472548FFEC00F57619 /* Frameworks */,
				BA5F21482548FFEC00F57619 /* Resources */,
			);
			buildRules = (
			);
			dependencies = (
			);
			name = Moonshot;
			productName = Moonshot;
			productReference = BA5F214A2548FFEC00F57619 /* Moonshot.app */;
			productType = "com.apple.product-type.application";
		};
/* End PBXNativeTarget section */

/* Begin PBXProject section */
		BA5F21422548FFEC00F57619 /* Project object */ = {
			isa = PBXProject;
			attributes = {
				LastSwiftUpdateCheck = 1160;
				LastUpgradeCheck = 1160;
				ORGANIZATIONNAME = "Amber Spadafora";
				TargetAttributes = {
					BA5F21492548FFEC00F57619 = {
						CreatedOnToolsVersion = 11.6;
					};
				};
			};
			buildConfigurationList = BA5F21452548FFEC00F57619 /* Build configuration list for PBXProject "Moonshot" */;
			compatibilityVersion = "Xcode 9.3";
			developmentRegion = en;
			hasScannedForEncodings = 0;
			knownRegions = (
				en,
				Base,
			);
			mainGroup = BA5F21412548FFEC00F57619;
			productRefGroup = BA5F214B2548FFEC00F57619 /* Products */;
			projectDirPath = "";
			projectRoot = "";
			targets = (
				BA5F21492548FFEC00F57619 /* Moonshot */,
			);
		};
/* End PBXProject section */

/* Begin PBXResourcesBuildPhase section */
		BA5F21482548FFEC00F57619 /* Resources */ = {
			isa = PBXResourcesBuildPhase;
			buildActionMask = 2147483647;
			files = (
				BA5F215A2548FFEE00F57619 /* LaunchScreen.storyboard in Resources */,
				BA5F21642549FEB500F57619 /* missions.json in Resources */,
				BA5F21572548FFEE00F57619 /* Preview Assets.xcassets in Resources */,
				BA5F21542548FFEE00F57619 /* Assets.xcassets in Resources */,
				BA5F21622549FE8C00F57619 /* astronauts.json in Resources */,
			);
			runOnlyForDeploymentPostprocessing = 0;
		};
/* End PBXResourcesBuildPhase section */

/* Begin PBXSourcesBuildPhase section */
		BA5F21462548FFEC00F57619 /* Sources */ = {
			isa = PBXSourcesBuildPhase;
			buildActionMask = 2147483647;
			files = (
				BA5F216D254A08B900F57619 /* MissionView.swift in Sources */,
				BA907B0E254A31A0009CC012 /* AstronautMissionView.swift in Sources */,
				BA5F216B254A017F00F57619 /* Mission.swift in Sources */,
				BA907B0C254A2676009CC012 /* AstronautView.swift in Sources */,
				BA5F214E2548FFEC00F57619 /* AppDelegate.swift in Sources */,
				BA5F21502548FFEC00F57619 /* SceneDelegate.swift in Sources */,
				BA5F2169254A003C00F57619 /* Bundle-Decodable.swift in Sources */,
				BA5F21522548FFEC00F57619 /* ContentView.swift in Sources */,
				BA5F21672549FFB600F57619 /* Astronaut.swift in Sources */,
			);
			runOnlyForDeploymentPostprocessing = 0;
		};
/* End PBXSourcesBuildPhase section */

/* Begin PBXVariantGroup section */
		BA5F21582548FFEE00F57619 /* LaunchScreen.storyboard */ = {
			isa = PBXVariantGroup;
			children = (
				BA5F21592548FFEE00F57619 /* Base */,
			);
			name = LaunchScreen.storyboard;
			sourceTree = "<group>";
		};
/* End PBXVariantGroup section */

/* Begin XCBuildConfiguration section */
		BA5F215C2548FFEE00F57619 /* Debug */ = {
			isa = XCBuildConfiguration;
			buildSettings = {
				ALWAYS_SEARCH_USER_PATHS = NO;
				CLANG_ANALYZER_NONNULL = YES;
				CLANG_ANALYZER_NUMBER_OBJECT_CONVERSION = YES_AGGRESSIVE;
				CLANG_CXX_LANGUAGE_STANDARD = "gnu++14";
				CLANG_CXX_LIBRARY = "libc++";
				CLANG_ENABLE_MODULES = YES;
				CLANG_ENABLE_OBJC_ARC = YES;
				CLANG_ENABLE_OBJC_WEAK = YES;
				CLANG_WARN_BLOCK_CAPTURE_AUTORELEASING = YES;
				CLANG_WARN_BOOL_CONVERSION = YES;
				CLANG_WARN_COMMA = YES;
				CLANG_WARN_CONSTANT_CONVERSION = YES;
				CLANG_WARN_DEPRECATED_OBJC_IMPLEMENTATIONS = YES;
				CLANG_WARN_DIRECT_OBJC_ISA_USAGE = YES_ERROR;
				CLANG_WARN_DOCUMENTATION_COMMENTS = YES;
				CLANG_WARN_EMPTY_BODY = YES;
				CLANG_WARN_ENUM_CONVERSION = YES;
				CLANG_WARN_INFINITE_RECURSION = YES;
				CLANG_WARN_INT_CONVERSION = YES;
				CLANG_WARN_NON_LITERAL_NULL_CONVERSION = YES;
				CLANG_WARN_OBJC_IMPLICIT_RETAIN_SELF = YES;
				CLANG_WARN_OBJC_LITERAL_CONVERSION = YES;
				CLANG_WARN_OBJC_ROOT_CLASS = YES_ERROR;
				CLANG_WARN_RANGE_LOOP_ANALYSIS = YES;
				CLANG_WARN_STRICT_PROTOTYPES = YES;
				CLANG_WARN_SUSPICIOUS_MOVE = YES;
				CLANG_WARN_UNGUARDED_AVAILABILITY = YES_AGGRESSIVE;
				CLANG_WARN_UNREACHABLE_CODE = YES;
				CLANG_WARN__DUPLICATE_METHOD_MATCH = YES;
				COPY_PHASE_STRIP = NO;
				DEBUG_INFORMATION_FORMAT = dwarf;
				ENABLE_STRICT_OBJC_MSGSEND = YES;
				ENABLE_TESTABILITY = YES;
				GCC_C_LANGUAGE_STANDARD = gnu11;
				GCC_DYNAMIC_NO_PIC = NO;
				GCC_NO_COMMON_BLOCKS = YES;
				GCC_OPTIMIZATION_LEVEL = 0;
				GCC_PREPROCESSOR_DEFINITIONS = (
					"DEBUG=1",
					"$(inherited)",
				);
				GCC_WARN_64_TO_32_BIT_CONVERSION = YES;
				GCC_WARN_ABOUT_RETURN_TYPE = YES_ERROR;
				GCC_WARN_UNDECLARED_SELECTOR = YES;
				GCC_WARN_UNINITIALIZED_AUTOS = YES_AGGRESSIVE;
				GCC_WARN_UNUSED_FUNCTION = YES;
				GCC_WARN_UNUSED_VARIABLE = YES;
				IPHONEOS_DEPLOYMENT_TARGET = 13.6;
				MTL_ENABLE_DEBUG_INFO = INCLUDE_SOURCE;
				MTL_FAST_MATH = YES;
				ONLY_ACTIVE_ARCH = YES;
				SDKROOT = iphoneos;
				SWIFT_ACTIVE_COMPILATION_CONDITIONS = DEBUG;
				SWIFT_OPTIMIZATION_LEVEL = "-Onone";
			};
			name = Debug;
		};
		BA5F215D2548FFEE00F57619 /* Release */ = {
			isa = XCBuildConfiguration;
			buildSettings = {
				ALWAYS_SEARCH_USER_PATHS = NO;
				CLANG_ANALYZER_NONNULL = YES;
				CLANG_ANALYZER_NUMBER_OBJECT_CONVERSION = YES_AGGRESSIVE;
				CLANG_CXX_LANGUAGE_STANDARD = "gnu++14";
				CLANG_CXX_LIBRARY = "libc++";
				CLANG_ENABLE_MODULES = YES;
				CLANG_ENABLE_OBJC_ARC = YES;
				CLANG_ENABLE_OBJC_WEAK = YES;
				CLANG_WARN_BLOCK_CAPTURE_AUTORELEASING = YES;
				CLANG_WARN_BOOL_CONVERSION = YES;
				CLANG_WARN_COMMA = YES;
				CLANG_WARN_CONSTANT_CONVERSION = YES;
				CLANG_WARN_DEPRECATED_OBJC_IMPLEMENTATIONS = YES;
				CLANG_WARN_DIRECT_OBJC_ISA_USAGE = YES_ERROR;
				CLANG_WARN_DOCUMENTATION_COMMENTS = YES;
				CLANG_WARN_EMPTY_BODY = YES;
				CLANG_WARN_ENUM_CONVERSION = YES;
				CLANG_WARN_INFINITE_RECURSION = YES;
				CLANG_WARN_INT_CONVERSION = YES;
				CLANG_WARN_NON_LITERAL_NULL_CONVERSION = YES;
				CLANG_WARN_OBJC_IMPLICIT_RETAIN_SELF = YES;
				CLANG_WARN_OBJC_LITERAL_CONVERSION = YES;
				CLANG_WARN_OBJC_ROOT_CLASS = YES_ERROR;
				CLANG_WARN_RANGE_LOOP_ANALYSIS = YES;
				CLANG_WARN_STRICT_PROTOTYPES = YES;
				CLANG_WARN_SUSPICIOUS_MOVE = YES;
				CLANG_WARN_UNGUARDED_AVAILABILITY = YES_AGGRESSIVE;
				CLANG_WARN_UNREACHABLE_CODE = YES;
				CLANG_WARN__DUPLICATE_METHOD_MATCH = YES;
				COPY_PHASE_STRIP = NO;
				DEBUG_INFORMATION_FORMAT = "dwarf-with-dsym";
				ENABLE_NS_ASSERTIONS = NO;
				ENABLE_STRICT_OBJC_MSGSEND = YES;
				GCC_C_LANGUAGE_STANDARD = gnu11;
				GCC_NO_COMMON_BLOCKS = YES;
				GCC_WARN_64_TO_32_BIT_CONVERSION = YES;
				GCC_WARN_ABOUT_RETURN_TYPE = YES_ERROR;
				GCC_WARN_UNDECLARED_SELECTOR = YES;
				GCC_WARN_UNINITIALIZED_AUTOS = YES_AGGRESSIVE;
				GCC_WARN_UNUSED_FUNCTION = YES;
				GCC_WARN_UNUSED_VARIABLE = YES;
				IPHONEOS_DEPLOYMENT_TARGET = 13.6;
				MTL_ENABLE_DEBUG_INFO = NO;
				MTL_FAST_MATH = YES;
				SDKROOT = iphoneos;
				SWIFT_COMPILATION_MODE = wholemodule;
				SWIFT_OPTIMIZATION_LEVEL = "-O";
				VALIDATE_PRODUCT = YES;
			};
			name = Release;
		};
		BA5F215F2548FFEE00F57619 /* Debug */ = {
			isa = XCBuildConfiguration;
			buildSettings = {
				ASSETCATALOG_COMPILER_APPICON_NAME = AppIcon;
				CODE_SIGN_STYLE = Automatic;
				DEVELOPMENT_ASSET_PATHS = "\"Moonshot/Preview Content\"";
				ENABLE_PREVIEWS = YES;
				INFOPLIST_FILE = Moonshot/Info.plist;
				LD_RUNPATH_SEARCH_PATHS = (
					"$(inherited)",
					"@executable_path/Frameworks",
				);
				PRODUCT_BUNDLE_IDENTIFIER = "com-amber.Moonshot";
				PRODUCT_NAME = "$(TARGET_NAME)";
				SWIFT_VERSION = 5.0;
				TARGETED_DEVICE_FAMILY = "1,2";
			};
			name = Debug;
		};
		BA5F21602548FFEE00F57619 /* Release */ = {
			isa = XCBuildConfiguration;
			buildSettings = {
				ASSETCATALOG_COMPILER_APPICON_NAME = AppIcon;
				CODE_SIGN_STYLE = Automatic;
				DEVELOPMENT_ASSET_PATHS = "\"Moonshot/Preview Content\"";
				ENABLE_PREVIEWS = YES;
				INFOPLIST_FILE = Moonshot/Info.plist;
				LD_RUNPATH_SEARCH_PATHS = (
					"$(inherited)",
					"@executable_path/Frameworks",
				);
				PRODUCT_BUNDLE_IDENTIFIER = "com-amber.Moonshot";
				PRODUCT_NAME = "$(TARGET_NAME)";
				SWIFT_VERSION = 5.0;
				TARGETED_DEVICE_FAMILY = "1,2";
			};
			name = Release;
		};
/* End XCBuildConfiguration section */

/* Begin XCConfigurationList section */
		BA5F21452548FFEC00F57619 /* Build configuration list for PBXProject "Moonshot" */ = {
			isa = XCConfigurationList;
			buildConfigurations = (
				BA5F215C2548FFEE00F57619 /* Debug */,
				BA5F215D2548FFEE00F57619 /* Release */,
			);
			defaultConfigurationIsVisible = 0;
			defaultConfigurationName = Release;
		};
		BA5F215E2548FFEE00F57619 /* Build configuration list for PBXNativeTarget "Moonshot" */ = {
			isa = XCConfigurationList;
			buildConfigurations = (
				BA5F215F2548FFEE00F57619 /* Debug */,
				BA5F21602548FFEE00F57619 /* Release */,
			);
			defaultConfigurationIsVisible = 0;
			defaultConfigurationName = Release;
		};
/* End XCConfigurationList section */
	};
	rootObject = BA5F21422548FFEC00F57619 /* Project object */;
}
